{
  "pins" : [
    {
      "identity" : "kingfisher",
      "kind" : "remoteSourceControl",
      "location" : "https://github.com/onevcat/Kingfisher.git",
      "state" : {
        "revision" : "90135885ef506506620c4911cefb55a95ca2a9a2",
        "version" : "7.5.0"
      }
    },
    {
      "identity" : "nyris.imx.ios",
      "kind" : "remoteSourceControl",
      "location" : "https://github.com/nyris/Nyris.IMX.iOS",
      "state" : {
        "revision" : "d5b5484bf2eeea6806598fe0df3bc0a814df4bba",
        "version" : "0.7.1"
      }
    }
  ],
  "version" : 2
}
