{
  "pins" : [
    {
      "identity" : "kingfisher",
      "kind" : "remoteSourceControl",
      "location" : "https://github.com/onevcat/Kingfisher.git",
      "state" : {
        "revision" : "90135885ef506506620c4911cefb55a95ca2a9a2",
        "version" : "7.5.0"
      }
    },
    {
      "identity" : "nyris.imx.ios",
      "kind" : "remoteSourceControl",
      "location" : "https://github.com/nyris/Nyris.IMX.iOS",
      "state" : {
        "revision" : "a426b71e319f83dd3a3229da89c6546442621981",
        "version" : "0.7.2"
      }
    }
  ],
  "version" : 2
}
